github.com/go-chi/chi v4.0.2+incompatible/go.mod h1:eB3wogJHnLi3x/kFX2A+IbTBlXxmMeXJVKy9tTv1XzQ=
github.com/gorilla/websocket v1.4.1 h1:q7AeDBpnBk8AogcD4DSag/Ukw/KV+YhzLj2bP5HvKCM=
github.com/gorilla/websocket v1.4.1/go.mod h1:YR8l580nyteQvAITg2hZ9XVh4b55+EU/adAjf1fMHhE=
github.com/julienschmidt/httprouter v1.3.0 h1:U0609e9tgbseu3rBINet9P48AI/D3oJs4dN7jwJOQ1U=
github.com/julienschmidt/httprouter v1.3.0/go.mod h1:JR6WtHb+2LUe8TCKY3cZOxFyyO8IZAc4RVcycCCAKdM=
github.com/mattn/go-sqlite3 v1.11.0/go.mod h1:FPy6KqzDD04eiIsT53CuJW3U88zkxoIYsOqkbpncsNc=
github.com/sauerbraten/chef v0.0.0-20191118162719-667c29cf265c h1:nwhHoPt4jtVpL+8j2F+h5xUpbqVTrDtX+ML0bhc0B18=
github.com/sauerbraten/chef v0.0.0-20191118162719-667c29cf265c/go.mod h1:pubWFryq3pNTmv2xyhuCGdVwxufMkb+/PXsU8JH30Dg=
github.com/sauerbraten/cubecode v0.0.0-20170529180859-6be16020d14c h1:LFA8D3M9cBH5h1y1qXjU86D+H0kwg0vJ0tK3i6qd2Qs=
github.com/sauerbraten/cubecode v0.0.0-20170529180859-6be16020d14c/go.mod h1:+ca4JN7nsdIzdbtZN+Y7mjt/2J97orSq+Wxkkdn4Fpg=
github.com/sauerbraten/extinfo v0.0.0-20190220141329-a4ae380e7098/go.mod h1:XHlJGWp1c5K8QS++uVYpUZbW/rj12vjrqbAL5pEjyGU=
github.com/sauerbraten/extinfo v0.0.0-20191118162349-0387c695e739 h1:jhZt6AFFUXBQE3OLi4JBcPqMmew3krAL//NGnIQkPns=
github.com/sauerbraten/extinfo v0.0.0-20191118162349-0387c695e739/go.mod h1:XHlJGWp1c5K8QS++uVYpUZbW/rj12vjrqbAL5pEjyGU=
github.com/sauerbraten/jsonfile v0.0.0-20190903091658-ab22968f346e/go.mod h1:48V62ijLfg8cNLKjUPZWn0dBs8PMjLSqCmebOop4MAQ=
github.com/sauerbraten/pubsub v0.0.0-20171021135711-897f02c5bb09 h1:GoW+FUM13TEL0fQYVuydKdc1mqUsz8kTRN8d+QZqprY=
github.com/sauerbraten/pubsub v0.0.0-20171021135711-897f02c5bb09/go.mod h1:L3sU7HgoQXlzgOfcb/72kMwyNGOyiowGJQ23EjzzTYc=
golang.org/x/crypto v0.0.0-20190308221718-c2843e01d9a2/go.mod h1:djNgcEr1/C05ACkg1iLfiJU5Ep61QUkGW8qpdssI0+w=
golang.org/x/net v0.0.0-20191028085509-fe3aa8a45271/go.mod h1:z5CRVTTTmAJ677TzLLGU+0bjPO0LkuOLi4/5GtJWs/s=
golang.org/x/sys v0.0.0-20190215142949-d0b11bdaac8a/go.mod h1:STP8DvDyc/dI5b8T5hshtkjS+E42TnysNCUPdjciGhY=
golang.org/x/text v0.3.0/go.mod h1:NqM8EUOU14njkJ3fqMW+pc6Ldnwhi/IjpwHt7yyuwOQ=
